
Microsoft Visual Studio Solution File, Format Version 12.00
# Visual Studio Version 17
VisualStudioVersion = 17.11.35327.3
MinimumVisualStudioVersion = 10.0.40219.1
Project("{FAE04EC0-301F-11D3-BF4B-00C04F79EFBC}") = "WebApplication_Pronia", "WebApplication_Pronia.csproj", "{92834C75-D639-482F-9387-8478D2C14581}"
EndProject
Global
	GlobalSection(SolutionConfigurationPlatforms) = preSolution
		Debug|Any CPU = Debug|Any CPU
		Release|Any CPU = Release|Any CPU
	EndGlobalSection
	GlobalSection(ProjectConfigurationPlatforms) = postSolution
		{92834C75-D639-482F-9387-8478D2C14581}.Debug|Any CPU.ActiveCfg = Debug|Any CPU
		{92834C75-D639-482F-9387-8478D2C14581}.Debug|Any CPU.Build.0 = Debug|Any CPU
		{92834C75-D639-482F-9387-8478D2C14581}.Release|Any CPU.ActiveCfg = Release|Any CPU
		{92834C75-D639-482F-9387-8478D2C14581}.Release|Any CPU.Build.0 = Release|Any CPU
	EndGlobalSection
	GlobalSection(SolutionProperties) = preSolution
		HideSolutionNode = FALSE
	EndGlobalSection
	GlobalSection(ExtensibilityGlobals) = postSolution
		SolutionGuid = {49BB6315-73FB-48D8-B9BE-F5358B8C852F}
	EndGlobalSection
EndGlobal
